
Microsoft Visual Studio Solution File, Format Version 12.00
# Visual Studio 15
VisualStudioVersion = 15.0.26228.12
MinimumVisualStudioVersion = 10.0.40219.1
Project("{FAE04EC0-301F-11D3-BF4B-00C04F79EFBC}") = "DeviceSpecificApp.Android", "DeviceSpecificApp\DeviceSpecificApp.Android\DeviceSpecificApp.Android.csproj", "{6DBC1064-34EE-4C28-A220-4EF213126BBD}"
EndProject
Project("{FAE04EC0-301F-11D3-BF4B-00C04F79EFBC}") = "DeviceSpecificApp", "DeviceSpecificApp\DeviceSpecificApp\DeviceSpecificApp.csproj", "{DA64509F-1B8A-413C-AF69-D80153456373}"
EndProject
Project("{FAE04EC0-301F-11D3-BF4B-00C04F79EFBC}") = "DeviceSpecificApp.iOS", "DeviceSpecificApp\DeviceSpecificApp.iOS\DeviceSpecificApp.iOS.csproj", "{91885727-12AA-49CB-AFF3-62A76A37B08F}"
EndProject
Project("{FAE04EC0-301F-11D3-BF4B-00C04F79EFBC}") = "OpenTok.Bindings", "DeviceSpecificApp\OpenTok.Bindings\OpenTok.Bindings.csproj", "{8B8D0530-EF78-43A8-85DF-3C98D17CFF81}"
EndProject
Global
	GlobalSection(SolutionConfigurationPlatforms) = preSolution
		Ad-Hoc|Any CPU = Ad-Hoc|Any CPU
		Ad-Hoc|iPhone = Ad-Hoc|iPhone
		Ad-Hoc|iPhoneSimulator = Ad-Hoc|iPhoneSimulator
		AppStore|Any CPU = AppStore|Any CPU
		AppStore|iPhone = AppStore|iPhone
		AppStore|iPhoneSimulator = AppStore|iPhoneSimulator
		Debug|Any CPU = Debug|Any CPU
		Debug|iPhone = Debug|iPhone
		Debug|iPhoneSimulator = Debug|iPhoneSimulator
		Release|Any CPU = Release|Any CPU
		Release|iPhone = Release|iPhone
		Release|iPhoneSimulator = Release|iPhoneSimulator
	EndGlobalSection
	GlobalSection(ProjectConfigurationPlatforms) = postSolution
		{6DBC1064-34EE-4C28-A220-4EF213126BBD}.Ad-Hoc|Any CPU.ActiveCfg = Release|Any CPU
		{6DBC1064-34EE-4C28-A220-4EF213126BBD}.Ad-Hoc|Any CPU.Build.0 = Release|Any CPU
		{6DBC1064-34EE-4C28-A220-4EF213126BBD}.Ad-Hoc|Any CPU.Deploy.0 = Release|Any CPU
		{6DBC1064-34EE-4C28-A220-4EF213126BBD}.Ad-Hoc|iPhone.ActiveCfg = Release|Any CPU
		{6DBC1064-34EE-4C28-A220-4EF213126BBD}.Ad-Hoc|iPhone.Build.0 = Release|Any CPU
		{6DBC1064-34EE-4C28-A220-4EF213126BBD}.Ad-Hoc|iPhone.Deploy.0 = Release|Any CPU
		{6DBC1064-34EE-4C28-A220-4EF213126BBD}.Ad-Hoc|iPhoneSimulator.ActiveCfg = Release|Any CPU
		{6DBC1064-34EE-4C28-A220-4EF213126BBD}.Ad-Hoc|iPhoneSimulator.Build.0 = Release|Any CPU
		{6DBC1064-34EE-4C28-A220-4EF213126BBD}.Ad-Hoc|iPhoneSimulator.Deploy.0 = Release|Any CPU
		{6DBC1064-34EE-4C28-A220-4EF213126BBD}.AppStore|Any CPU.ActiveCfg = Release|Any CPU
		{6DBC1064-34EE-4C28-A220-4EF213126BBD}.AppStore|Any CPU.Build.0 = Release|Any CPU
		{6DBC1064-34EE-4C28-A220-4EF213126BBD}.AppStore|Any CPU.Deploy.0 = Release|Any CPU
		{6DBC1064-34EE-4C28-A220-4EF213126BBD}.AppStore|iPhone.ActiveCfg = Release|Any CPU
		{6DBC1064-34EE-4C28-A220-4EF213126BBD}.AppStore|iPhone.Build.0 = Release|Any CPU
		{6DBC1064-34EE-4C28-A220-4EF213126BBD}.AppStore|iPhone.Deploy.0 = Release|Any CPU
		{6DBC1064-34EE-4C28-A220-4EF213126BBD}.AppStore|iPhoneSimulator.ActiveCfg = Release|Any CPU
		{6DBC1064-34EE-4C28-A220-4EF213126BBD}.AppStore|iPhoneSimulator.Build.0 = Release|Any CPU
		{6DBC1064-34EE-4C28-A220-4EF213126BBD}.AppStore|iPhoneSimulator.Deploy.0 = Release|Any CPU
		{6DBC1064-34EE-4C28-A220-4EF213126BBD}.Debug|Any CPU.ActiveCfg = Debug|Any CPU
		{6DBC1064-34EE-4C28-A220-4EF213126BBD}.Debug|Any CPU.Build.0 = Debug|Any CPU
		{6DBC1064-34EE-4C28-A220-4EF213126BBD}.Debug|Any CPU.Deploy.0 = Debug|Any CPU
		{6DBC1064-34EE-4C28-A220-4EF213126BBD}.Debug|iPhone.ActiveCfg = Debug|Any CPU
		{6DBC1064-34EE-4C28-A220-4EF213126BBD}.Debug|iPhone.Build.0 = Debug|Any CPU
		{6DBC1064-34EE-4C28-A220-4EF213126BBD}.Debug|iPhone.Deploy.0 = Debug|Any CPU
		{6DBC1064-34EE-4C28-A220-4EF213126BBD}.Debug|iPhoneSimulator.ActiveCfg = Debug|Any CPU
		{6DBC1064-34EE-4C28-A220-4EF213126BBD}.Debug|iPhoneSimulator.Build.0 = Debug|Any CPU
		{6DBC1064-34EE-4C28-A220-4EF213126BBD}.Debug|iPhoneSimulator.Deploy.0 = Debug|Any CPU
		{6DBC1064-34EE-4C28-A220-4EF213126BBD}.Release|Any CPU.ActiveCfg = Release|Any CPU
		{6DBC1064-34EE-4C28-A220-4EF213126BBD}.Release|Any CPU.Build.0 = Release|Any CPU
		{6DBC1064-34EE-4C28-A220-4EF213126BBD}.Release|Any CPU.Deploy.0 = Release|Any CPU
		{6DBC1064-34EE-4C28-A220-4EF213126BBD}.Release|iPhone.ActiveCfg = Release|Any CPU
		{6DBC1064-34EE-4C28-A220-4EF213126BBD}.Release|iPhone.Build.0 = Release|Any CPU
		{6DBC1064-34EE-4C28-A220-4EF213126BBD}.Release|iPhone.Deploy.0 = Release|Any CPU
		{6DBC1064-34EE-4C28-A220-4EF213126BBD}.Release|iPhoneSimulator.ActiveCfg = Release|Any CPU
		{6DBC1064-34EE-4C28-A220-4EF213126BBD}.Release|iPhoneSimulator.Build.0 = Release|Any CPU
		{6DBC1064-34EE-4C28-A220-4EF213126BBD}.Release|iPhoneSimulator.Deploy.0 = Release|Any CPU
		{DA64509F-1B8A-413C-AF69-D80153456373}.Ad-Hoc|Any CPU.ActiveCfg = Release|Any CPU
		{DA64509F-1B8A-413C-AF69-D80153456373}.Ad-Hoc|Any CPU.Build.0 = Release|Any CPU
		{DA64509F-1B8A-413C-AF69-D80153456373}.Ad-Hoc|iPhone.ActiveCfg = Release|Any CPU
		{DA64509F-1B8A-413C-AF69-D80153456373}.Ad-Hoc|iPhone.Build.0 = Release|Any CPU
		{DA64509F-1B8A-413C-AF69-D80153456373}.Ad-Hoc|iPhoneSimulator.ActiveCfg = Release|Any CPU
		{DA64509F-1B8A-413C-AF69-D80153456373}.Ad-Hoc|iPhoneSimulator.Build.0 = Release|Any CPU
		{DA64509F-1B8A-413C-AF69-D80153456373}.AppStore|Any CPU.ActiveCfg = Release|Any CPU
		{DA64509F-1B8A-413C-AF69-D80153456373}.AppStore|Any CPU.Build.0 = Release|Any CPU
		{DA64509F-1B8A-413C-AF69-D80153456373}.AppStore|iPhone.ActiveCfg = Release|Any CPU
		{DA64509F-1B8A-413C-AF69-D80153456373}.AppStore|iPhone.Build.0 = Release|Any CPU
		{DA64509F-1B8A-413C-AF69-D80153456373}.AppStore|iPhoneSimulator.ActiveCfg = Release|Any CPU
		{DA64509F-1B8A-413C-AF69-D80153456373}.AppStore|iPhoneSimulator.Build.0 = Release|Any CPU
		{DA64509F-1B8A-413C-AF69-D80153456373}.Debug|Any CPU.ActiveCfg = Debug|Any CPU
		{DA64509F-1B8A-413C-AF69-D80153456373}.Debug|Any CPU.Build.0 = Debug|Any CPU
		{DA64509F-1B8A-413C-AF69-D80153456373}.Debug|iPhone.ActiveCfg = Debug|Any CPU
		{DA64509F-1B8A-413C-AF69-D80153456373}.Debug|iPhone.Build.0 = Debug|Any CPU
		{DA64509F-1B8A-413C-AF69-D80153456373}.Debug|iPhoneSimulator.ActiveCfg = Debug|Any CPU
		{DA64509F-1B8A-413C-AF69-D80153456373}.Debug|iPhoneSimulator.Build.0 = Debug|Any CPU
		{DA64509F-1B8A-413C-AF69-D80153456373}.Release|Any CPU.ActiveCfg = Release|Any CPU
		{DA64509F-1B8A-413C-AF69-D80153456373}.Release|Any CPU.Build.0 = Release|Any CPU
		{DA64509F-1B8A-413C-AF69-D80153456373}.Release|iPhone.ActiveCfg = Release|Any CPU
		{DA64509F-1B8A-413C-AF69-D80153456373}.Release|iPhone.Build.0 = Release|Any CPU
		{DA64509F-1B8A-413C-AF69-D80153456373}.Release|iPhoneSimulator.ActiveCfg = Release|Any CPU
		{DA64509F-1B8A-413C-AF69-D80153456373}.Release|iPhoneSimulator.Build.0 = Release|Any CPU
		{91885727-12AA-49CB-AFF3-62A76A37B08F}.Ad-Hoc|Any CPU.ActiveCfg = Ad-Hoc|iPhone
		{91885727-12AA-49CB-AFF3-62A76A37B08F}.Ad-Hoc|iPhone.ActiveCfg = Ad-Hoc|iPhone
		{91885727-12AA-49CB-AFF3-62A76A37B08F}.Ad-Hoc|iPhone.Build.0 = Ad-Hoc|iPhone
		{91885727-12AA-49CB-AFF3-62A76A37B08F}.Ad-Hoc|iPhoneSimulator.ActiveCfg = Ad-Hoc|iPhoneSimulator
		{91885727-12AA-49CB-AFF3-62A76A37B08F}.Ad-Hoc|iPhoneSimulator.Build.0 = Ad-Hoc|iPhoneSimulator
		{91885727-12AA-49CB-AFF3-62A76A37B08F}.AppStore|Any CPU.ActiveCfg = AppStore|iPhone
		{91885727-12AA-49CB-AFF3-62A76A37B08F}.AppStore|iPhone.ActiveCfg = AppStore|iPhone
		{91885727-12AA-49CB-AFF3-62A76A37B08F}.AppStore|iPhone.Build.0 = AppStore|iPhone
		{91885727-12AA-49CB-AFF3-62A76A37B08F}.AppStore|iPhoneSimulator.ActiveCfg = AppStore|iPhoneSimulator
		{91885727-12AA-49CB-AFF3-62A76A37B08F}.AppStore|iPhoneSimulator.Build.0 = AppStore|iPhoneSimulator
		{91885727-12AA-49CB-AFF3-62A76A37B08F}.Debug|Any CPU.ActiveCfg = Debug|iPhone
		{91885727-12AA-49CB-AFF3-62A76A37B08F}.Debug|iPhone.ActiveCfg = Debug|iPhone
		{91885727-12AA-49CB-AFF3-62A76A37B08F}.Debug|iPhone.Build.0 = Debug|iPhone
		{91885727-12AA-49CB-AFF3-62A76A37B08F}.Debug|iPhoneSimulator.ActiveCfg = Debug|iPhoneSimulator
		{91885727-12AA-49CB-AFF3-62A76A37B08F}.Debug|iPhoneSimulator.Build.0 = Debug|iPhoneSimulator
		{91885727-12AA-49CB-AFF3-62A76A37B08F}.Release|Any CPU.ActiveCfg = Release|iPhone
		{91885727-12AA-49CB-AFF3-62A76A37B08F}.Release|iPhone.ActiveCfg = Release|iPhone
		{91885727-12AA-49CB-AFF3-62A76A37B08F}.Release|iPhone.Build.0 = Release|iPhone
		{91885727-12AA-49CB-AFF3-62A76A37B08F}.Release|iPhoneSimulator.ActiveCfg = Release|iPhoneSimulator
		{91885727-12AA-49CB-AFF3-62A76A37B08F}.Release|iPhoneSimulator.Build.0 = Release|iPhoneSimulator
		{8B8D0530-EF78-43A8-85DF-3C98D17CFF81}.Ad-Hoc|Any CPU.ActiveCfg = Release|Any CPU
		{8B8D0530-EF78-43A8-85DF-3C98D17CFF81}.Ad-Hoc|Any CPU.Build.0 = Release|Any CPU
		{8B8D0530-EF78-43A8-85DF-3C98D17CFF81}.Ad-Hoc|iPhone.ActiveCfg = Release|Any CPU
		{8B8D0530-EF78-43A8-85DF-3C98D17CFF81}.Ad-Hoc|iPhone.Build.0 = Release|Any CPU
		{8B8D0530-EF78-43A8-85DF-3C98D17CFF81}.Ad-Hoc|iPhoneSimulator.ActiveCfg = Release|Any CPU
		{8B8D0530-EF78-43A8-85DF-3C98D17CFF81}.Ad-Hoc|iPhoneSimulator.Build.0 = Release|Any CPU
		{8B8D0530-EF78-43A8-85DF-3C98D17CFF81}.AppStore|Any CPU.ActiveCfg = Release|Any CPU
		{8B8D0530-EF78-43A8-85DF-3C98D17CFF81}.AppStore|Any CPU.Build.0 = Release|Any CPU
		{8B8D0530-EF78-43A8-85DF-3C98D17CFF81}.AppStore|iPhone.ActiveCfg = Release|Any CPU
		{8B8D0530-EF78-43A8-85DF-3C98D17CFF81}.AppStore|iPhone.Build.0 = Release|Any CPU
		{8B8D0530-EF78-43A8-85DF-3C98D17CFF81}.AppStore|iPhoneSimulator.ActiveCfg = Release|Any CPU
		{8B8D0530-EF78-43A8-85DF-3C98D17CFF81}.AppStore|iPhoneSimulator.Build.0 = Release|Any CPU
		{8B8D0530-EF78-43A8-85DF-3C98D17CFF81}.Debug|Any CPU.ActiveCfg = Debug|Any CPU
		{8B8D0530-EF78-43A8-85DF-3C98D17CFF81}.Debug|Any CPU.Build.0 = Debug|Any CPU
		{8B8D0530-EF78-43A8-85DF-3C98D17CFF81}.Debug|iPhone.ActiveCfg = Debug|Any CPU
		{8B8D0530-EF78-43A8-85DF-3C98D17CFF81}.Debug|iPhone.Build.0 = Debug|Any CPU
		{8B8D0530-EF78-43A8-85DF-3C98D17CFF81}.Debug|iPhoneSimulator.ActiveCfg = Debug|Any CPU
		{8B8D0530-EF78-43A8-85DF-3C98D17CFF81}.Debug|iPhoneSimulator.Build.0 = Debug|Any CPU
		{8B8D0530-EF78-43A8-85DF-3C98D17CFF81}.Release|Any CPU.ActiveCfg = Release|Any CPU
		{8B8D0530-EF78-43A8-85DF-3C98D17CFF81}.Release|Any CPU.Build.0 = Release|Any CPU
		{8B8D0530-EF78-43A8-85DF-3C98D17CFF81}.Release|iPhone.ActiveCfg = Release|Any CPU
		{8B8D0530-EF78-43A8-85DF-3C98D17CFF81}.Release|iPhone.Build.0 = Release|Any CPU
		{8B8D0530-EF78-43A8-85DF-3C98D17CFF81}.Release|iPhoneSimulator.ActiveCfg = Release|Any CPU
		{8B8D0530-EF78-43A8-85DF-3C98D17CFF81}.Release|iPhoneSimulator.Build.0 = Release|Any CPU
	EndGlobalSection
	GlobalSection(SolutionProperties) = preSolution
		HideSolutionNode = FALSE
	EndGlobalSection
EndGlobal
